// !$*UTF8*$!
{
	archiveVersion = 1;
	classes = {
	};
	objectVersion = 50;
	objects = {

/* Begin PBXBuildFile section */
		09D1A5A2884610E76581614D /* Pods_CookWithUs.framework in Frameworks */ = {isa = PBXBuildFile; fileRef = 0035FA9185361EB47EECED00 /* Pods_CookWithUs.framework */; };
		141048192159F61D00447A42 /* Assets.xcassets in Resources */ = {isa = PBXBuildFile; fileRef = 141048182159F61D00447A42 /* Assets.xcassets */; };
		1410481C2159F61D00447A42 /* LaunchScreen.storyboard in Resources */ = {isa = PBXBuildFile; fileRef = 1410481A2159F61D00447A42 /* LaunchScreen.storyboard */; };
		141048272159F61D00447A42 /* CookWithUsTests.swift in Sources */ = {isa = PBXBuildFile; fileRef = 141048262159F61D00447A42 /* CookWithUsTests.swift */; };
		14104832215AC29200447A42 /* GoogleService-Info.plist in Resources */ = {isa = PBXBuildFile; fileRef = 14104831215AC29200447A42 /* GoogleService-Info.plist */; };
		1410483C215B45BA00447A42 /* AppController.swift in Sources */ = {isa = PBXBuildFile; fileRef = 1410483A215B45BA00447A42 /* AppController.swift */; };
		1410483D215B45BA00447A42 /* AppDelegate.swift in Sources */ = {isa = PBXBuildFile; fileRef = 1410483B215B45BA00447A42 /* AppDelegate.swift */; };
		14104841215B45D900447A42 /* HomeViewController.swift in Sources */ = {isa = PBXBuildFile; fileRef = 14104840215B45D900447A42 /* HomeViewController.swift */; };
		14104843215B460C00447A42 /* HomeViewController.xib in Resources */ = {isa = PBXBuildFile; fileRef = 14104842215B460C00447A42 /* HomeViewController.xib */; };
		14104847215B46B800447A42 /* RecipeViewController.swift in Sources */ = {isa = PBXBuildFile; fileRef = 14104845215B46B800447A42 /* RecipeViewController.swift */; };
		14104848215B46B800447A42 /* RecipeViewController.xib in Resources */ = {isa = PBXBuildFile; fileRef = 14104846215B46B800447A42 /* RecipeViewController.xib */; };
		1410484D215B4BE800447A42 /* BaseViewController.swift in Sources */ = {isa = PBXBuildFile; fileRef = 1410484C215B4BE800447A42 /* BaseViewController.swift */; };
		14104851215EBDE800447A42 /* RecipeListViewController.swift in Sources */ = {isa = PBXBuildFile; fileRef = 1410484F215EBDE800447A42 /* RecipeListViewController.swift */; };
		14104852215EBDE800447A42 /* RecipeListViewController.xib in Resources */ = {isa = PBXBuildFile; fileRef = 14104850215EBDE800447A42 /* RecipeListViewController.xib */; };
		1410485521603B7400447A42 /* Recipe.swift in Sources */ = {isa = PBXBuildFile; fileRef = 1410485421603B7400447A42 /* Recipe.swift */; };
		1410485621603B7400447A42 /* Recipe.swift in Sources */ = {isa = PBXBuildFile; fileRef = 1410485421603B7400447A42 /* Recipe.swift */; };
		141048592160414D00447A42 /* Ingredient.swift in Sources */ = {isa = PBXBuildFile; fileRef = 141048582160414D00447A42 /* Ingredient.swift */; };
		1410485A2160414D00447A42 /* Ingredient.swift in Sources */ = {isa = PBXBuildFile; fileRef = 141048582160414D00447A42 /* Ingredient.swift */; };
		1410485D216046C500447A42 /* RecipeViewModel.swift in Sources */ = {isa = PBXBuildFile; fileRef = 1410485C216046C500447A42 /* RecipeViewModel.swift */; };
		1410485E216046C500447A42 /* RecipeViewModel.swift in Sources */ = {isa = PBXBuildFile; fileRef = 1410485C216046C500447A42 /* RecipeViewModel.swift */; };
		141048602161CD6900447A42 /* RecipeDirections.swift in Sources */ = {isa = PBXBuildFile; fileRef = 1410485F2161CD6900447A42 /* RecipeDirections.swift */; };
		141048612161CD6900447A42 /* RecipeDirections.swift in Sources */ = {isa = PBXBuildFile; fileRef = 1410485F2161CD6900447A42 /* RecipeDirections.swift */; };
		141048652161DC0500447A42 /* RecipeDataSource.swift in Sources */ = {isa = PBXBuildFile; fileRef = 141048642161DC0500447A42 /* RecipeDataSource.swift */; };
		141048662161DC0500447A42 /* RecipeDataSource.swift in Sources */ = {isa = PBXBuildFile; fileRef = 141048642161DC0500447A42 /* RecipeDataSource.swift */; };
		141048702161E10300447A42 /* IngredientCell.swift in Sources */ = {isa = PBXBuildFile; fileRef = 1410486E2161E10300447A42 /* IngredientCell.swift */; };
		141048712161E10300447A42 /* IngredientCell.swift in Sources */ = {isa = PBXBuildFile; fileRef = 1410486E2161E10300447A42 /* IngredientCell.swift */; };
		141048722161E10300447A42 /* IngredientCell.xib in Resources */ = {isa = PBXBuildFile; fileRef = 1410486F2161E10300447A42 /* IngredientCell.xib */; };
		141048732161E10300447A42 /* IngredientCell.xib in Resources */ = {isa = PBXBuildFile; fileRef = 1410486F2161E10300447A42 /* IngredientCell.xib */; };
		141048752162BC0E00447A42 /* RecipeDirectionsDataSource.swift in Sources */ = {isa = PBXBuildFile; fileRef = 141048742162BC0E00447A42 /* RecipeDirectionsDataSource.swift */; };
		141048762162BC0E00447A42 /* RecipeDirectionsDataSource.swift in Sources */ = {isa = PBXBuildFile; fileRef = 141048742162BC0E00447A42 /* RecipeDirectionsDataSource.swift */; };
		1410487A2162BD8200447A42 /* DirectionsCell.swift in Sources */ = {isa = PBXBuildFile; fileRef = 141048782162BD8200447A42 /* DirectionsCell.swift */; };
		1410487B2162BD8200447A42 /* DirectionsCell.swift in Sources */ = {isa = PBXBuildFile; fileRef = 141048782162BD8200447A42 /* DirectionsCell.swift */; };
		1410487C2162BD8200447A42 /* DirectionsCell.xib in Resources */ = {isa = PBXBuildFile; fileRef = 141048792162BD8200447A42 /* DirectionsCell.xib */; };
		1410487D2162BD8200447A42 /* DirectionsCell.xib in Resources */ = {isa = PBXBuildFile; fileRef = 141048792162BD8200447A42 /* DirectionsCell.xib */; };
		5B743C3A84694C1F87F9EA0E /* Pods_CookWithUsTests.framework in Frameworks */ = {isa = PBXBuildFile; fileRef = C2EC623102EAE35188195EC1 /* Pods_CookWithUsTests.framework */; };
/* End PBXBuildFile section */

/* Begin PBXContainerItemProxy section */
		141048232159F61D00447A42 /* PBXContainerItemProxy */ = {
			isa = PBXContainerItemProxy;
			containerPortal = 141048062159F61A00447A42 /* Project object */;
			proxyType = 1;
			remoteGlobalIDString = 1410480D2159F61A00447A42;
			remoteInfo = CookWithUs;
		};
/* End PBXContainerItemProxy section */

/* Begin PBXFileReference section */
		0035FA9185361EB47EECED00 /* Pods_CookWithUs.framework */ = {isa = PBXFileReference; explicitFileType = wrapper.framework; includeInIndex = 0; path = Pods_CookWithUs.framework; sourceTree = BUILT_PRODUCTS_DIR; };
		07344EB84725454456BEC40E /* Pods-CookWithUsTests.release.xcconfig */ = {isa = PBXFileReference; includeInIndex = 1; lastKnownFileType = text.xcconfig; name = "Pods-CookWithUsTests.release.xcconfig"; path = "Pods/Target Support Files/Pods-CookWithUsTests/Pods-CookWithUsTests.release.xcconfig"; sourceTree = "<group>"; };
		1410480E2159F61A00447A42 /* CookWithUs.app */ = {isa = PBXFileReference; explicitFileType = wrapper.application; includeInIndex = 0; path = CookWithUs.app; sourceTree = BUILT_PRODUCTS_DIR; };
		141048182159F61D00447A42 /* Assets.xcassets */ = {isa = PBXFileReference; lastKnownFileType = folder.assetcatalog; path = Assets.xcassets; sourceTree = "<group>"; };
		1410481B2159F61D00447A42 /* Base */ = {isa = PBXFileReference; lastKnownFileType = file.storyboard; name = Base; path = Base.lproj/LaunchScreen.storyboard; sourceTree = "<group>"; };
		1410481D2159F61D00447A42 /* Info.plist */ = {isa = PBXFileReference; lastKnownFileType = text.plist.xml; path = Info.plist; sourceTree = "<group>"; };
		141048222159F61D00447A42 /* CookWithUsTests.xctest */ = {isa = PBXFileReference; explicitFileType = wrapper.cfbundle; includeInIndex = 0; path = CookWithUsTests.xctest; sourceTree = BUILT_PRODUCTS_DIR; };
		141048262159F61D00447A42 /* CookWithUsTests.swift */ = {isa = PBXFileReference; lastKnownFileType = sourcecode.swift; path = CookWithUsTests.swift; sourceTree = "<group>"; };
		141048282159F61D00447A42 /* Info.plist */ = {isa = PBXFileReference; lastKnownFileType = text.plist.xml; path = Info.plist; sourceTree = "<group>"; };
		14104831215AC29200447A42 /* GoogleService-Info.plist */ = {isa = PBXFileReference; fileEncoding = 4; lastKnownFileType = text.plist.xml; path = "GoogleService-Info.plist"; sourceTree = "<group>"; };
		1410483A215B45BA00447A42 /* AppController.swift */ = {isa = PBXFileReference; fileEncoding = 4; lastKnownFileType = sourcecode.swift; path = AppController.swift; sourceTree = "<group>"; };
		1410483B215B45BA00447A42 /* AppDelegate.swift */ = {isa = PBXFileReference; fileEncoding = 4; lastKnownFileType = sourcecode.swift; path = AppDelegate.swift; sourceTree = "<group>"; };
		14104840215B45D900447A42 /* HomeViewController.swift */ = {isa = PBXFileReference; fileEncoding = 4; lastKnownFileType = sourcecode.swift; path = HomeViewController.swift; sourceTree = "<group>"; };
		14104842215B460C00447A42 /* HomeViewController.xib */ = {isa = PBXFileReference; lastKnownFileType = file.xib; path = HomeViewController.xib; sourceTree = "<group>"; };
		14104845215B46B800447A42 /* RecipeViewController.swift */ = {isa = PBXFileReference; lastKnownFileType = sourcecode.swift; path = RecipeViewController.swift; sourceTree = "<group>"; };
		14104846215B46B800447A42 /* RecipeViewController.xib */ = {isa = PBXFileReference; lastKnownFileType = file.xib; path = RecipeViewController.xib; sourceTree = "<group>"; };
		1410484C215B4BE800447A42 /* BaseViewController.swift */ = {isa = PBXFileReference; fileEncoding = 4; lastKnownFileType = sourcecode.swift; path = BaseViewController.swift; sourceTree = "<group>"; };
		1410484F215EBDE800447A42 /* RecipeListViewController.swift */ = {isa = PBXFileReference; lastKnownFileType = sourcecode.swift; name = RecipeListViewController.swift; path = CookWithUs/ViewControllers/RecipeList/RecipeListViewController.swift; sourceTree = SOURCE_ROOT; };
		14104850215EBDE800447A42 /* RecipeListViewController.xib */ = {isa = PBXFileReference; lastKnownFileType = file.xib; name = RecipeListViewController.xib; path = CookWithUs/ViewControllers/RecipeList/RecipeListViewController.xib; sourceTree = SOURCE_ROOT; };
		1410485421603B7400447A42 /* Recipe.swift */ = {isa = PBXFileReference; lastKnownFileType = sourcecode.swift; path = Recipe.swift; sourceTree = "<group>"; };
		141048582160414D00447A42 /* Ingredient.swift */ = {isa = PBXFileReference; lastKnownFileType = sourcecode.swift; path = Ingredient.swift; sourceTree = "<group>"; };
		1410485C216046C500447A42 /* RecipeViewModel.swift */ = {isa = PBXFileReference; lastKnownFileType = sourcecode.swift; path = RecipeViewModel.swift; sourceTree = "<group>"; };
		1410485F2161CD6900447A42 /* RecipeDirections.swift */ = {isa = PBXFileReference; lastKnownFileType = sourcecode.swift; path = RecipeDirections.swift; sourceTree = "<group>"; };
		141048642161DC0500447A42 /* RecipeDataSource.swift */ = {isa = PBXFileReference; lastKnownFileType = sourcecode.swift; path = RecipeDataSource.swift; sourceTree = "<group>"; };
		1410486E2161E10300447A42 /* IngredientCell.swift */ = {isa = PBXFileReference; lastKnownFileType = sourcecode.swift; path = IngredientCell.swift; sourceTree = "<group>"; };
		1410486F2161E10300447A42 /* IngredientCell.xib */ = {isa = PBXFileReference; lastKnownFileType = file.xib; path = IngredientCell.xib; sourceTree = "<group>"; };
		141048742162BC0E00447A42 /* RecipeDirectionsDataSource.swift */ = {isa = PBXFileReference; lastKnownFileType = sourcecode.swift; path = RecipeDirectionsDataSource.swift; sourceTree = "<group>"; };
		141048782162BD8200447A42 /* DirectionsCell.swift */ = {isa = PBXFileReference; lastKnownFileType = sourcecode.swift; path = DirectionsCell.swift; sourceTree = "<group>"; };
		141048792162BD8200447A42 /* DirectionsCell.xib */ = {isa = PBXFileReference; lastKnownFileType = file.xib; path = DirectionsCell.xib; sourceTree = "<group>"; };
		40E56C5F6BEBC40D36E6863E /* Pods-CookWithUs.debug.xcconfig */ = {isa = PBXFileReference; includeInIndex = 1; lastKnownFileType = text.xcconfig; name = "Pods-CookWithUs.debug.xcconfig"; path = "Pods/Target Support Files/Pods-CookWithUs/Pods-CookWithUs.debug.xcconfig"; sourceTree = "<group>"; };
		53A90F12F2038C684D100AF2 /* Pods-CookWithUsTests.debug.xcconfig */ = {isa = PBXFileReference; includeInIndex = 1; lastKnownFileType = text.xcconfig; name = "Pods-CookWithUsTests.debug.xcconfig"; path = "Pods/Target Support Files/Pods-CookWithUsTests/Pods-CookWithUsTests.debug.xcconfig"; sourceTree = "<group>"; };
		708AC80F2E512C570E02307D /* Pods-CookWithUs.release.xcconfig */ = {isa = PBXFileReference; includeInIndex = 1; lastKnownFileType = text.xcconfig; name = "Pods-CookWithUs.release.xcconfig"; path = "Pods/Target Support Files/Pods-CookWithUs/Pods-CookWithUs.release.xcconfig"; sourceTree = "<group>"; };
		C2EC623102EAE35188195EC1 /* Pods_CookWithUsTests.framework */ = {isa = PBXFileReference; explicitFileType = wrapper.framework; includeInIndex = 0; path = Pods_CookWithUsTests.framework; sourceTree = BUILT_PRODUCTS_DIR; };
/* End PBXFileReference section */

/* Begin PBXFrameworksBuildPhase section */
		1410480B2159F61A00447A42 /* Frameworks */ = {
			isa = PBXFrameworksBuildPhase;
			buildActionMask = 2147483647;
			files = (
				09D1A5A2884610E76581614D /* Pods_CookWithUs.framework in Frameworks */,
			);
			runOnlyForDeploymentPostprocessing = 0;
		};
		1410481F2159F61D00447A42 /* Frameworks */ = {
			isa = PBXFrameworksBuildPhase;
			buildActionMask = 2147483647;
			files = (
				5B743C3A84694C1F87F9EA0E /* Pods_CookWithUsTests.framework in Frameworks */,
			);
			runOnlyForDeploymentPostprocessing = 0;
		};
/* End PBXFrameworksBuildPhase section */

/* Begin PBXGroup section */
		141048052159F61A00447A42 = {
			isa = PBXGroup;
			children = (
				14104831215AC29200447A42 /* GoogleService-Info.plist */,
				141048102159F61A00447A42 /* CookWithUs */,
				141048252159F61D00447A42 /* CookWithUsTests */,
				1410480F2159F61A00447A42 /* Products */,
				CD54686989ADFB5F37E8D133 /* Pods */,
				B5E52DE83F51DFC6A24E1F08 /* Frameworks */,
			);
			sourceTree = "<group>";
		};
		1410480F2159F61A00447A42 /* Products */ = {
			isa = PBXGroup;
			children = (
				1410480E2159F61A00447A42 /* CookWithUs.app */,
				141048222159F61D00447A42 /* CookWithUsTests.xctest */,
			);
			name = Products;
			sourceTree = "<group>";
		};
		141048102159F61A00447A42 /* CookWithUs */ = {
			isa = PBXGroup;
			children = (
				1410485B2160466500447A42 /* ViewModel */,
				1410485321603B4B00447A42 /* DataModel */,
				14104839215B45BA00447A42 /* Commons */,
				1410483E215B45D900447A42 /* ViewControllers */,
				141048182159F61D00447A42 /* Assets.xcassets */,
				1410481A2159F61D00447A42 /* LaunchScreen.storyboard */,
				1410481D2159F61D00447A42 /* Info.plist */,
			);
			path = CookWithUs;
			sourceTree = "<group>";
		};
		141048252159F61D00447A42 /* CookWithUsTests */ = {
			isa = PBXGroup;
			children = (
				141048262159F61D00447A42 /* CookWithUsTests.swift */,
				141048282159F61D00447A42 /* Info.plist */,
			);
			path = CookWithUsTests;
			sourceTree = "<group>";
		};
		14104839215B45BA00447A42 /* Commons */ = {
			isa = PBXGroup;
			children = (
				1410483A215B45BA00447A42 /* AppController.swift */,
				1410483B215B45BA00447A42 /* AppDelegate.swift */,
			);
			path = Commons;
			sourceTree = "<group>";
		};
		1410483E215B45D900447A42 /* ViewControllers */ = {
			isa = PBXGroup;
			children = (
				1410484E215EBD5D00447A42 /* RecipeList */,
				1410484B215B4BE800447A42 /* Base */,
				14104844215B469000447A42 /* Recipe */,
				1410483F215B45D900447A42 /* Home */,
			);
			path = ViewControllers;
			sourceTree = "<group>";
		};
		1410483F215B45D900447A42 /* Home */ = {
			isa = PBXGroup;
			children = (
				14104840215B45D900447A42 /* HomeViewController.swift */,
				14104842215B460C00447A42 /* HomeViewController.xib */,
			);
			path = Home;
			sourceTree = "<group>";
		};
		14104844215B469000447A42 /* Recipe */ = {
			isa = PBXGroup;
			children = (
				141048772162BD5900447A42 /* DirectionsCell */,
				141048672161E0A600447A42 /* IngredientCell */,
				141048632161DBF300447A42 /* DataSource */,
				14104845215B46B800447A42 /* RecipeViewController.swift */,
				14104846215B46B800447A42 /* RecipeViewController.xib */,
			);
			path = Recipe;
			sourceTree = "<group>";
		};
		1410484B215B4BE800447A42 /* Base */ = {
			isa = PBXGroup;
			children = (
				1410484C215B4BE800447A42 /* BaseViewController.swift */,
			);
			path = Base;
			sourceTree = "<group>";
		};
		1410484E215EBD5D00447A42 /* RecipeList */ = {
			isa = PBXGroup;
			children = (
				1410484F215EBDE800447A42 /* RecipeListViewController.swift */,
				14104850215EBDE800447A42 /* RecipeListViewController.xib */,
			);
			name = RecipeList;
			path = "New Group";
			sourceTree = "<group>";
		};
		1410485321603B4B00447A42 /* DataModel */ = {
			isa = PBXGroup;
			children = (
				1410485421603B7400447A42 /* Recipe.swift */,
				141048582160414D00447A42 /* Ingredient.swift */,
				1410485F2161CD6900447A42 /* RecipeDirections.swift */,
			);
			path = DataModel;
			sourceTree = "<group>";
		};
		1410485B2160466500447A42 /* ViewModel */ = {
			isa = PBXGroup;
			children = (
				1410485C216046C500447A42 /* RecipeViewModel.swift */,
			);
			path = ViewModel;
			sourceTree = "<group>";
		};
		141048632161DBF300447A42 /* DataSource */ = {
			isa = PBXGroup;
			children = (
				141048642161DC0500447A42 /* RecipeDataSource.swift */,
				141048742162BC0E00447A42 /* RecipeDirectionsDataSource.swift */,
			);
			path = DataSource;
			sourceTree = "<group>";
		};
		141048672161E0A600447A42 /* IngredientCell */ = {
			isa = PBXGroup;
			children = (
				1410486E2161E10300447A42 /* IngredientCell.swift */,
				1410486F2161E10300447A42 /* IngredientCell.xib */,
			);
			path = IngredientCell;
			sourceTree = "<group>";
		};
		141048772162BD5900447A42 /* DirectionsCell */ = {
			isa = PBXGroup;
			children = (
				141048782162BD8200447A42 /* DirectionsCell.swift */,
				141048792162BD8200447A42 /* DirectionsCell.xib */,
			);
			path = DirectionsCell;
			sourceTree = "<group>";
		};
		B5E52DE83F51DFC6A24E1F08 /* Frameworks */ = {
			isa = PBXGroup;
			children = (
				0035FA9185361EB47EECED00 /* Pods_CookWithUs.framework */,
				C2EC623102EAE35188195EC1 /* Pods_CookWithUsTests.framework */,
			);
			name = Frameworks;
			sourceTree = "<group>";
		};
		CD54686989ADFB5F37E8D133 /* Pods */ = {
			isa = PBXGroup;
			children = (
				40E56C5F6BEBC40D36E6863E /* Pods-CookWithUs.debug.xcconfig */,
				708AC80F2E512C570E02307D /* Pods-CookWithUs.release.xcconfig */,
				53A90F12F2038C684D100AF2 /* Pods-CookWithUsTests.debug.xcconfig */,
				07344EB84725454456BEC40E /* Pods-CookWithUsTests.release.xcconfig */,
			);
			name = Pods;
			sourceTree = "<group>";
		};
/* End PBXGroup section */

/* Begin PBXNativeTarget section */
		1410480D2159F61A00447A42 /* CookWithUs */ = {
			isa = PBXNativeTarget;
			buildConfigurationList = 1410482B2159F61D00447A42 /* Build configuration list for PBXNativeTarget "CookWithUs" */;
			buildPhases = (
				58AC81C4E1045B3F3678644C /* [CP] Check Pods Manifest.lock */,
				1410480A2159F61A00447A42 /* Sources */,
				1410480B2159F61A00447A42 /* Frameworks */,
				1410480C2159F61A00447A42 /* Resources */,
				2FBAB69AE77449FC7C68928E /* [CP] Embed Pods Frameworks */,
			);
			buildRules = (
			);
			dependencies = (
			);
			name = CookWithUs;
			productName = CookWithUs;
			productReference = 1410480E2159F61A00447A42 /* CookWithUs.app */;
			productType = "com.apple.product-type.application";
		};
		141048212159F61D00447A42 /* CookWithUsTests */ = {
			isa = PBXNativeTarget;
			buildConfigurationList = 1410482E2159F61D00447A42 /* Build configuration list for PBXNativeTarget "CookWithUsTests" */;
			buildPhases = (
				F36267830D33DA8130055672 /* [CP] Check Pods Manifest.lock */,
				1410481E2159F61D00447A42 /* Sources */,
				1410481F2159F61D00447A42 /* Frameworks */,
				141048202159F61D00447A42 /* Resources */,
			);
			buildRules = (
			);
			dependencies = (
				141048242159F61D00447A42 /* PBXTargetDependency */,
			);
			name = CookWithUsTests;
			productName = CookWithUsTests;
			productReference = 141048222159F61D00447A42 /* CookWithUsTests.xctest */;
			productType = "com.apple.product-type.bundle.unit-test";
		};
/* End PBXNativeTarget section */

/* Begin PBXProject section */
		141048062159F61A00447A42 /* Project object */ = {
			isa = PBXProject;
			attributes = {
				LastSwiftUpdateCheck = 0930;
				LastUpgradeCheck = 0930;
				ORGANIZATIONNAME = Meera;
				TargetAttributes = {
					1410480D2159F61A00447A42 = {
						CreatedOnToolsVersion = 9.3;
					};
					141048212159F61D00447A42 = {
						CreatedOnToolsVersion = 9.3;
						TestTargetID = 1410480D2159F61A00447A42;
					};
				};
			};
			buildConfigurationList = 141048092159F61A00447A42 /* Build configuration list for PBXProject "CookWithUs" */;
			compatibilityVersion = "Xcode 9.3";
			developmentRegion = en;
			hasScannedForEncodings = 0;
			knownRegions = (
				en,
				Base,
			);
			mainGroup = 141048052159F61A00447A42;
			productRefGroup = 1410480F2159F61A00447A42 /* Products */;
			projectDirPath = "";
			projectRoot = "";
			targets = (
				1410480D2159F61A00447A42 /* CookWithUs */,
				141048212159F61D00447A42 /* CookWithUsTests */,
			);
		};
/* End PBXProject section */

/* Begin PBXResourcesBuildPhase section */
		1410480C2159F61A00447A42 /* Resources */ = {
			isa = PBXResourcesBuildPhase;
			buildActionMask = 2147483647;
			files = (
				1410481C2159F61D00447A42 /* LaunchScreen.storyboard in Resources */,
				14104832215AC29200447A42 /* GoogleService-Info.plist in Resources */,
				14104852215EBDE800447A42 /* RecipeListViewController.xib in Resources */,
				14104848215B46B800447A42 /* RecipeViewController.xib in Resources */,
				141048192159F61D00447A42 /* Assets.xcassets in Resources */,
				141048722161E10300447A42 /* IngredientCell.xib in Resources */,
				1410487C2162BD8200447A42 /* DirectionsCell.xib in Resources */,
				14104843215B460C00447A42 /* HomeViewController.xib in Resources */,
			);
			runOnlyForDeploymentPostprocessing = 0;
		};
		141048202159F61D00447A42 /* Resources */ = {
			isa = PBXResourcesBuildPhase;
			buildActionMask = 2147483647;
			files = (
				1410487D2162BD8200447A42 /* DirectionsCell.xib in Resources */,
				141048732161E10300447A42 /* IngredientCell.xib in Resources */,
			);
			runOnlyForDeploymentPostprocessing = 0;
		};
/* End PBXResourcesBuildPhase section */

/* Begin PBXShellScriptBuildPhase section */
		2FBAB69AE77449FC7C68928E /* [CP] Embed Pods Frameworks */ = {
			isa = PBXShellScriptBuildPhase;
			buildActionMask = 2147483647;
			files = (
			);
			inputPaths = (
				"${SRCROOT}/Pods/Target Support Files/Pods-CookWithUs/Pods-CookWithUs-frameworks.sh",
				"${BUILT_PRODUCTS_DIR}/GoogleUtilities/GoogleUtilities.framework",
				"${BUILT_PRODUCTS_DIR}/leveldb-library/leveldb.framework",
				"${BUILT_PRODUCTS_DIR}/nanopb/nanopb.framework",
			);
			name = "[CP] Embed Pods Frameworks";
			outputPaths = (
				"${TARGET_BUILD_DIR}/${FRAMEWORKS_FOLDER_PATH}/GoogleUtilities.framework",
				"${TARGET_BUILD_DIR}/${FRAMEWORKS_FOLDER_PATH}/leveldb.framework",
				"${TARGET_BUILD_DIR}/${FRAMEWORKS_FOLDER_PATH}/nanopb.framework",
			);
			runOnlyForDeploymentPostprocessing = 0;
			shellPath = /bin/sh;
			shellScript = "\"${SRCROOT}/Pods/Target Support Files/Pods-CookWithUs/Pods-CookWithUs-frameworks.sh\"\n";
			showEnvVarsInLog = 0;
		};
		58AC81C4E1045B3F3678644C /* [CP] Check Pods Manifest.lock */ = {
			isa = PBXShellScriptBuildPhase;
			buildActionMask = 2147483647;
			files = (
			);
			inputPaths = (
				"${PODS_PODFILE_DIR_PATH}/Podfile.lock",
				"${PODS_ROOT}/Manifest.lock",
			);
			name = "[CP] Check Pods Manifest.lock";
			outputPaths = (
				"$(DERIVED_FILE_DIR)/Pods-CookWithUs-checkManifestLockResult.txt",
			);
			runOnlyForDeploymentPostprocessing = 0;
			shellPath = /bin/sh;
			shellScript = "diff \"${PODS_PODFILE_DIR_PATH}/Podfile.lock\" \"${PODS_ROOT}/Manifest.lock\" > /dev/null\nif [ $? != 0 ] ; then\n    # print error to STDERR\n    echo \"error: The sandbox is not in sync with the Podfile.lock. Run 'pod install' or update your CocoaPods installation.\" >&2\n    exit 1\nfi\n# This output is used by Xcode 'outputs' to avoid re-running this script phase.\necho \"SUCCESS\" > \"${SCRIPT_OUTPUT_FILE_0}\"\n";
			showEnvVarsInLog = 0;
		};
		F36267830D33DA8130055672 /* [CP] Check Pods Manifest.lock */ = {
			isa = PBXShellScriptBuildPhase;
			buildActionMask = 2147483647;
			files = (
			);
			inputPaths = (
				"${PODS_PODFILE_DIR_PATH}/Podfile.lock",
				"${PODS_ROOT}/Manifest.lock",
			);
			name = "[CP] Check Pods Manifest.lock";
			outputPaths = (
				"$(DERIVED_FILE_DIR)/Pods-CookWithUsTests-checkManifestLockResult.txt",
			);
			runOnlyForDeploymentPostprocessing = 0;
			shellPath = /bin/sh;
			shellScript = "diff \"${PODS_PODFILE_DIR_PATH}/Podfile.lock\" \"${PODS_ROOT}/Manifest.lock\" > /dev/null\nif [ $? != 0 ] ; then\n    # print error to STDERR\n    echo \"error: The sandbox is not in sync with the Podfile.lock. Run 'pod install' or update your CocoaPods installation.\" >&2\n    exit 1\nfi\n# This output is used by Xcode 'outputs' to avoid re-running this script phase.\necho \"SUCCESS\" > \"${SCRIPT_OUTPUT_FILE_0}\"\n";
			showEnvVarsInLog = 0;
		};
/* End PBXShellScriptBuildPhase section */

/* Begin PBXSourcesBuildPhase section */
		1410480A2159F61A00447A42 /* Sources */ = {
			isa = PBXSourcesBuildPhase;
			buildActionMask = 2147483647;
			files = (
				1410484D215B4BE800447A42 /* BaseViewController.swift in Sources */,
				1410485D216046C500447A42 /* RecipeViewModel.swift in Sources */,
				141048652161DC0500447A42 /* RecipeDataSource.swift in Sources */,
				14104847215B46B800447A42 /* RecipeViewController.swift in Sources */,
				141048602161CD6900447A42 /* RecipeDirections.swift in Sources */,
				1410485521603B7400447A42 /* Recipe.swift in Sources */,
				141048752162BC0E00447A42 /* RecipeDirectionsDataSource.swift in Sources */,
				14104851215EBDE800447A42 /* RecipeListViewController.swift in Sources */,
				1410487A2162BD8200447A42 /* DirectionsCell.swift in Sources */,
				141048592160414D00447A42 /* Ingredient.swift in Sources */,
				141048702161E10300447A42 /* IngredientCell.swift in Sources */,
				1410483D215B45BA00447A42 /* AppDelegate.swift in Sources */,
				1410483C215B45BA00447A42 /* AppController.swift in Sources */,
				14104841215B45D900447A42 /* HomeViewController.swift in Sources */,
			);
			runOnlyForDeploymentPostprocessing = 0;
		};
		1410481E2159F61D00447A42 /* Sources */ = {
			isa = PBXSourcesBuildPhase;
			buildActionMask = 2147483647;
			files = (
				1410487B2162BD8200447A42 /* DirectionsCell.swift in Sources */,
				1410485E216046C500447A42 /* RecipeViewModel.swift in Sources */,
				141048272159F61D00447A42 /* CookWithUsTests.swift in Sources */,
				1410485621603B7400447A42 /* Recipe.swift in Sources */,
				141048612161CD6900447A42 /* RecipeDirections.swift in Sources */,
				141048662161DC0500447A42 /* RecipeDataSource.swift in Sources */,
				141048762162BC0E00447A42 /* RecipeDirectionsDataSource.swift in Sources */,
				1410485A2160414D00447A42 /* Ingredient.swift in Sources */,
				141048712161E10300447A42 /* IngredientCell.swift in Sources */,
			);
			runOnlyForDeploymentPostprocessing = 0;
		};
/* End PBXSourcesBuildPhase section */

/* Begin PBXTargetDependency section */
		141048242159F61D00447A42 /* PBXTargetDependency */ = {
			isa = PBXTargetDependency;
			target = 1410480D2159F61A00447A42 /* CookWithUs */;
			targetProxy = 141048232159F61D00447A42 /* PBXContainerItemProxy */;
		};
/* End PBXTargetDependency section */

/* Begin PBXVariantGroup section */
		1410481A2159F61D00447A42 /* LaunchScreen.storyboard */ = {
			isa = PBXVariantGroup;
			children = (
				1410481B2159F61D00447A42 /* Base */,
			);
			name = LaunchScreen.storyboard;
			sourceTree = "<group>";
		};
/* End PBXVariantGroup section */

/* Begin XCBuildConfiguration section */
		141048292159F61D00447A42 /* Debug */ = {
			isa = XCBuildConfiguration;
			buildSettings = {
				ALWAYS_SEARCH_USER_PATHS = NO;
				CLANG_ANALYZER_NONNULL = YES;
				CLANG_ANALYZER_NUMBER_OBJECT_CONVERSION = YES_AGGRESSIVE;
				CLANG_CXX_LANGUAGE_STANDARD = "gnu++14";
				CLANG_CXX_LIBRARY = "libc++";
				CLANG_ENABLE_MODULES = YES;
				CLANG_ENABLE_OBJC_ARC = YES;
				CLANG_ENABLE_OBJC_WEAK = YES;
				CLANG_WARN_BLOCK_CAPTURE_AUTORELEASING = YES;
				CLANG_WARN_BOOL_CONVERSION = YES;
				CLANG_WARN_COMMA = YES;
				CLANG_WARN_CONSTANT_CONVERSION = YES;
				CLANG_WARN_DEPRECATED_OBJC_IMPLEMENTATIONS = YES;
				CLANG_WARN_DIRECT_OBJC_ISA_USAGE = YES_ERROR;
				CLANG_WARN_DOCUMENTATION_COMMENTS = YES;
				CLANG_WARN_EMPTY_BODY = YES;
				CLANG_WARN_ENUM_CONVERSION = YES;
				CLANG_WARN_INFINITE_RECURSION = YES;
				CLANG_WARN_INT_CONVERSION = YES;
				CLANG_WARN_NON_LITERAL_NULL_CONVERSION = YES;
				CLANG_WARN_OBJC_IMPLICIT_RETAIN_SELF = YES;
				CLANG_WARN_OBJC_LITERAL_CONVERSION = YES;
				CLANG_WARN_OBJC_ROOT_CLASS = YES_ERROR;
				CLANG_WARN_RANGE_LOOP_ANALYSIS = YES;
				CLANG_WARN_STRICT_PROTOTYPES = YES;
				CLANG_WARN_SUSPICIOUS_MOVE = YES;
				CLANG_WARN_UNGUARDED_AVAILABILITY = YES_AGGRESSIVE;
				CLANG_WARN_UNREACHABLE_CODE = YES;
				CLANG_WARN__DUPLICATE_METHOD_MATCH = YES;
				CODE_SIGN_IDENTITY = "iPhone Developer";
				COPY_PHASE_STRIP = NO;
				DEBUG_INFORMATION_FORMAT = dwarf;
				ENABLE_STRICT_OBJC_MSGSEND = YES;
				ENABLE_TESTABILITY = YES;
				GCC_C_LANGUAGE_STANDARD = gnu11;
				GCC_DYNAMIC_NO_PIC = NO;
				GCC_NO_COMMON_BLOCKS = YES;
				GCC_OPTIMIZATION_LEVEL = 0;
				GCC_PREPROCESSOR_DEFINITIONS = (
					"DEBUG=1",
					"$(inherited)",
				);
				GCC_WARN_64_TO_32_BIT_CONVERSION = YES;
				GCC_WARN_ABOUT_RETURN_TYPE = YES_ERROR;
				GCC_WARN_UNDECLARED_SELECTOR = YES;
				GCC_WARN_UNINITIALIZED_AUTOS = YES_AGGRESSIVE;
				GCC_WARN_UNUSED_FUNCTION = YES;
				GCC_WARN_UNUSED_VARIABLE = YES;
				IPHONEOS_DEPLOYMENT_TARGET = 11.3;
				MTL_ENABLE_DEBUG_INFO = YES;
				ONLY_ACTIVE_ARCH = YES;
				SDKROOT = iphoneos;
				SWIFT_ACTIVE_COMPILATION_CONDITIONS = DEBUG;
				SWIFT_OPTIMIZATION_LEVEL = "-Onone";
			};
			name = Debug;
		};
		1410482A2159F61D00447A42 /* Release */ = {
			isa = XCBuildConfiguration;
			buildSettings = {
				ALWAYS_SEARCH_USER_PATHS = NO;
				CLANG_ANALYZER_NONNULL = YES;
				CLANG_ANALYZER_NUMBER_OBJECT_CONVERSION = YES_AGGRESSIVE;
				CLANG_CXX_LANGUAGE_STANDARD = "gnu++14";
				CLANG_CXX_LIBRARY = "libc++";
				CLANG_ENABLE_MODULES = YES;
				CLANG_ENABLE_OBJC_ARC = YES;
				CLANG_ENABLE_OBJC_WEAK = YES;
				CLANG_WARN_BLOCK_CAPTURE_AUTORELEASING = YES;
				CLANG_WARN_BOOL_CONVERSION = YES;
				CLANG_WARN_COMMA = YES;
				CLANG_WARN_CONSTANT_CONVERSION = YES;
				CLANG_WARN_DEPRECATED_OBJC_IMPLEMENTATIONS = YES;
				CLANG_WARN_DIRECT_OBJC_ISA_USAGE = YES_ERROR;
				CLANG_WARN_DOCUMENTATION_COMMENTS = YES;
				CLANG_WARN_EMPTY_BODY = YES;
				CLANG_WARN_ENUM_CONVERSION = YES;
				CLANG_WARN_INFINITE_RECURSION = YES;
				CLANG_WARN_INT_CONVERSION = YES;
				CLANG_WARN_NON_LITERAL_NULL_CONVERSION = YES;
				CLANG_WARN_OBJC_IMPLICIT_RETAIN_SELF = YES;
				CLANG_WARN_OBJC_LITERAL_CONVERSION = YES;
				CLANG_WARN_OBJC_ROOT_CLASS = YES_ERROR;
				CLANG_WARN_RANGE_LOOP_ANALYSIS = YES;
				CLANG_WARN_STRICT_PROTOTYPES = YES;
				CLANG_WARN_SUSPICIOUS_MOVE = YES;
				CLANG_WARN_UNGUARDED_AVAILABILITY = YES_AGGRESSIVE;
				CLANG_WARN_UNREACHABLE_CODE = YES;
				CLANG_WARN__DUPLICATE_METHOD_MATCH = YES;
				CODE_SIGN_IDENTITY = "iPhone Developer";
				COPY_PHASE_STRIP = NO;
				DEBUG_INFORMATION_FORMAT = "dwarf-with-dsym";
				ENABLE_NS_ASSERTIONS = NO;
				ENABLE_STRICT_OBJC_MSGSEND = YES;
				GCC_C_LANGUAGE_STANDARD = gnu11;
				GCC_NO_COMMON_BLOCKS = YES;
				GCC_WARN_64_TO_32_BIT_CONVERSION = YES;
				GCC_WARN_ABOUT_RETURN_TYPE = YES_ERROR;
				GCC_WARN_UNDECLARED_SELECTOR = YES;
				GCC_WARN_UNINITIALIZED_AUTOS = YES_AGGRESSIVE;
				GCC_WARN_UNUSED_FUNCTION = YES;
				GCC_WARN_UNUSED_VARIABLE = YES;
				IPHONEOS_DEPLOYMENT_TARGET = 11.3;
				MTL_ENABLE_DEBUG_INFO = NO;
				SDKROOT = iphoneos;
				SWIFT_COMPILATION_MODE = wholemodule;
				SWIFT_OPTIMIZATION_LEVEL = "-O";
				VALIDATE_PRODUCT = YES;
			};
			name = Release;
		};
		1410482C2159F61D00447A42 /* Debug */ = {
			isa = XCBuildConfiguration;
			baseConfigurationReference = 40E56C5F6BEBC40D36E6863E /* Pods-CookWithUs.debug.xcconfig */;
			buildSettings = {
				ASSETCATALOG_COMPILER_APPICON_NAME = AppIcon;
				CODE_SIGN_STYLE = Automatic;
				DEVELOPMENT_TEAM = NSF6J4VEE2;
				INFOPLIST_FILE = CookWithUs/Info.plist;
				LD_RUNPATH_SEARCH_PATHS = (
					"$(inherited)",
					"@executable_path/Frameworks",
				);
				PRODUCT_BUNDLE_IDENTIFIER = com.meera.CookWithUs;
				PRODUCT_NAME = "$(TARGET_NAME)";
				SWIFT_VERSION = 4.0;
				TARGETED_DEVICE_FAMILY = "1,2";
			};
			name = Debug;
		};
		1410482D2159F61D00447A42 /* Release */ = {
			isa = XCBuildConfiguration;
			baseConfigurationReference = 708AC80F2E512C570E02307D /* Pods-CookWithUs.release.xcconfig */;
			buildSettings = {
				ASSETCATALOG_COMPILER_APPICON_NAME = AppIcon;
				CODE_SIGN_STYLE = Automatic;
				DEVELOPMENT_TEAM = NSF6J4VEE2;
				INFOPLIST_FILE = CookWithUs/Info.plist;
				LD_RUNPATH_SEARCH_PATHS = (
					"$(inherited)",
					"@executable_path/Frameworks",
				);
				PRODUCT_BUNDLE_IDENTIFIER = com.meera.CookWithUs;
				PRODUCT_NAME = "$(TARGET_NAME)";
				SWIFT_VERSION = 4.0;
				TARGETED_DEVICE_FAMILY = "1,2";
			};
			name = Release;
		};
		1410482F2159F61D00447A42 /* Debug */ = {
			isa = XCBuildConfiguration;
			baseConfigurationReference = 53A90F12F2038C684D100AF2 /* Pods-CookWithUsTests.debug.xcconfig */;
			buildSettings = {
				ALWAYS_EMBED_SWIFT_STANDARD_LIBRARIES = YES;
				BUNDLE_LOADER = "$(TEST_HOST)";
				CODE_SIGN_STYLE = Automatic;
				DEVELOPMENT_TEAM = NSF6J4VEE2;
				INFOPLIST_FILE = CookWithUsTests/Info.plist;
				LD_RUNPATH_SEARCH_PATHS = (
					"$(inherited)",
					"@executable_path/Frameworks",
					"@loader_path/Frameworks",
				);
				PRODUCT_BUNDLE_IDENTIFIER = com.meera.CookWithUsTests;
				PRODUCT_NAME = "$(TARGET_NAME)";
				SWIFT_VERSION = 4.0;
				TARGETED_DEVICE_FAMILY = "1,2";
				TEST_HOST = "$(BUILT_PRODUCTS_DIR)/CookWithUs.app/CookWithUs";
			};
			name = Debug;
		};
		141048302159F61D00447A42 /* Release */ = {
			isa = XCBuildConfiguration;
			baseConfigurationReference = 07344EB84725454456BEC40E /* Pods-CookWithUsTests.release.xcconfig */;
			buildSettings = {
				ALWAYS_EMBED_SWIFT_STANDARD_LIBRARIES = YES;
				BUNDLE_LOADER = "$(TEST_HOST)";
				CODE_SIGN_STYLE = Automatic;
				DEVELOPMENT_TEAM = NSF6J4VEE2;
				INFOPLIST_FILE = CookWithUsTests/Info.plist;
				LD_RUNPATH_SEARCH_PATHS = (
					"$(inherited)",
					"@executable_path/Frameworks",
					"@loader_path/Frameworks",
				);
				PRODUCT_BUNDLE_IDENTIFIER = com.meera.CookWithUsTests;
				PRODUCT_NAME = "$(TARGET_NAME)";
				SWIFT_VERSION = 4.0;
				TARGETED_DEVICE_FAMILY = "1,2";
				TEST_HOST = "$(BUILT_PRODUCTS_DIR)/CookWithUs.app/CookWithUs";
			};
			name = Release;
		};
/* End XCBuildConfiguration section */

/* Begin XCConfigurationList section */
		141048092159F61A00447A42 /* Build configuration list for PBXProject "CookWithUs" */ = {
			isa = XCConfigurationList;
			buildConfigurations = (
				141048292159F61D00447A42 /* Debug */,
				1410482A2159F61D00447A42 /* Release */,
			);
			defaultConfigurationIsVisible = 0;
			defaultConfigurationName = Release;
		};
		1410482B2159F61D00447A42 /* Build configuration list for PBXNativeTarget "CookWithUs" */ = {
			isa = XCConfigurationList;
			buildConfigurations = (
				1410482C2159F61D00447A42 /* Debug */,
				1410482D2159F61D00447A42 /* Release */,
			);
			defaultConfigurationIsVisible = 0;
			defaultConfigurationName = Release;
		};
		1410482E2159F61D00447A42 /* Build configuration list for PBXNativeTarget "CookWithUsTests" */ = {
			isa = XCConfigurationList;
			buildConfigurations = (
				1410482F2159F61D00447A42 /* Debug */,
				141048302159F61D00447A42 /* Release */,
			);
			defaultConfigurationIsVisible = 0;
			defaultConfigurationName = Release;
		};
/* End XCConfigurationList section */
	};
	rootObject = 141048062159F61A00447A42 /* Project object */;
}
