// !$*UTF8*$!
{
	archiveVersion = 1;
	classes = {
	};
	objectVersion = 50;
	objects = {

/* Begin PBXBuildFile section */
		141048122159F61A00447A42 /* AppDelegate.swift in Sources */ = {isa = PBXBuildFile; fileRef = 141048112159F61A00447A42 /* AppDelegate.swift */; };
		141048142159F61A00447A42 /* ViewController.swift in Sources */ = {isa = PBXBuildFile; fileRef = 141048132159F61A00447A42 /* ViewController.swift */; };
		141048172159F61A00447A42 /* Main.storyboard in Resources */ = {isa = PBXBuildFile; fileRef = 141048152159F61A00447A42 /* Main.storyboard */; };
		141048192159F61D00447A42 /* Assets.xcassets in Resources */ = {isa = PBXBuildFile; fileRef = 141048182159F61D00447A42 /* Assets.xcassets */; };
		1410481C2159F61D00447A42 /* LaunchScreen.storyboard in Resources */ = {isa = PBXBuildFile; fileRef = 1410481A2159F61D00447A42 /* LaunchScreen.storyboard */; };
		141048272159F61D00447A42 /* CookWithUsTests.swift in Sources */ = {isa = PBXBuildFile; fileRef = 141048262159F61D00447A42 /* CookWithUsTests.swift */; };
/* End PBXBuildFile section */

/* Begin PBXContainerItemProxy section */
		141048232159F61D00447A42 /* PBXContainerItemProxy */ = {
			isa = PBXContainerItemProxy;
			containerPortal = 141048062159F61A00447A42 /* Project object */;
			proxyType = 1;
			remoteGlobalIDString = 1410480D2159F61A00447A42;
			remoteInfo = CookWithUs;
		};
/* End PBXContainerItemProxy section */

/* Begin PBXFileReference section */
		1410480E2159F61A00447A42 /* CookWithUs.app */ = {isa = PBXFileReference; explicitFileType = wrapper.application; includeInIndex = 0; path = CookWithUs.app; sourceTree = BUILT_PRODUCTS_DIR; };
		141048112159F61A00447A42 /* AppDelegate.swift */ = {isa = PBXFileReference; lastKnownFileType = sourcecode.swift; path = AppDelegate.swift; sourceTree = "<group>"; };
		141048132159F61A00447A42 /* ViewController.swift */ = {isa = PBXFileReference; lastKnownFileType = sourcecode.swift; path = ViewController.swift; sourceTree = "<group>"; };
		141048162159F61A00447A42 /* Base */ = {isa = PBXFileReference; lastKnownFileType = file.storyboard; name = Base; path = Base.lproj/Main.storyboard; sourceTree = "<group>"; };
		141048182159F61D00447A42 /* Assets.xcassets */ = {isa = PBXFileReference; lastKnownFileType = folder.assetcatalog; path = Assets.xcassets; sourceTree = "<group>"; };
		1410481B2159F61D00447A42 /* Base */ = {isa = PBXFileReference; lastKnownFileType = file.storyboard; name = Base; path = Base.lproj/LaunchScreen.storyboard; sourceTree = "<group>"; };
		1410481D2159F61D00447A42 /* Info.plist */ = {isa = PBXFileReference; lastKnownFileType = text.plist.xml; path = Info.plist; sourceTree = "<group>"; };
		141048222159F61D00447A42 /* CookWithUsTests.xctest */ = {isa = PBXFileReference; explicitFileType = wrapper.cfbundle; includeInIndex = 0; path = CookWithUsTests.xctest; sourceTree = BUILT_PRODUCTS_DIR; };
		141048262159F61D00447A42 /* CookWithUsTests.swift */ = {isa = PBXFileReference; lastKnownFileType = sourcecode.swift; path = CookWithUsTests.swift; sourceTree = "<group>"; };
		141048282159F61D00447A42 /* Info.plist */ = {isa = PBXFileReference; lastKnownFileType = text.plist.xml; path = Info.plist; sourceTree = "<group>"; };
/* End PBXFileReference section */

/* Begin PBXFrameworksBuildPhase section */
		1410480B2159F61A00447A42 /* Frameworks */ = {
			isa = PBXFrameworksBuildPhase;
			buildActionMask = 2147483647;
			files = (
			);
			runOnlyForDeploymentPostprocessing = 0;
		};
		1410481F2159F61D00447A42 /* Frameworks */ = {
			isa = PBXFrameworksBuildPhase;
			buildActionMask = 2147483647;
			files = (
			);
			runOnlyForDeploymentPostprocessing = 0;
		};
/* End PBXFrameworksBuildPhase section */

/* Begin PBXGroup section */
		141048052159F61A00447A42 = {
			isa = PBXGroup;
			children = (
				141048102159F61A00447A42 /* CookWithUs */,
				141048252159F61D00447A42 /* CookWithUsTests */,
				1410480F2159F61A00447A42 /* Products */,
			);
			sourceTree = "<group>";
		};
		1410480F2159F61A00447A42 /* Products */ = {
			isa = PBXGroup;
			children = (
				1410480E2159F61A00447A42 /* CookWithUs.app */,
				141048222159F61D00447A42 /* CookWithUsTests.xctest */,
			);
			name = Products;
			sourceTree = "<group>";
		};
		141048102159F61A00447A42 /* CookWithUs */ = {
			isa = PBXGroup;
			children = (
				141048112159F61A00447A42 /* AppDelegate.swift */,
				141048132159F61A00447A42 /* ViewController.swift */,
				141048152159F61A00447A42 /* Main.storyboard */,
				141048182159F61D00447A42 /* Assets.xcassets */,
				1410481A2159F61D00447A42 /* LaunchScreen.storyboard */,
				1410481D2159F61D00447A42 /* Info.plist */,
			);
			path = CookWithUs;
			sourceTree = "<group>";
		};
		141048252159F61D00447A42 /* CookWithUsTests */ = {
			isa = PBXGroup;
			children = (
				141048262159F61D00447A42 /* CookWithUsTests.swift */,
				141048282159F61D00447A42 /* Info.plist */,
			);
			path = CookWithUsTests;
			sourceTree = "<group>";
		};
/* End PBXGroup section */

/* Begin PBXNativeTarget section */
		1410480D2159F61A00447A42 /* CookWithUs */ = {
			isa = PBXNativeTarget;
			buildConfigurationList = 1410482B2159F61D00447A42 /* Build configuration list for PBXNativeTarget "CookWithUs" */;
			buildPhases = (
				1410480A2159F61A00447A42 /* Sources */,
				1410480B2159F61A00447A42 /* Frameworks */,
				1410480C2159F61A00447A42 /* Resources */,
			);
			buildRules = (
			);
			dependencies = (
			);
			name = CookWithUs;
			productName = CookWithUs;
			productReference = 1410480E2159F61A00447A42 /* CookWithUs.app */;
			productType = "com.apple.product-type.application";
		};
		141048212159F61D00447A42 /* CookWithUsTests */ = {
			isa = PBXNativeTarget;
			buildConfigurationList = 1410482E2159F61D00447A42 /* Build configuration list for PBXNativeTarget "CookWithUsTests" */;
			buildPhases = (
				1410481E2159F61D00447A42 /* Sources */,
				1410481F2159F61D00447A42 /* Frameworks */,
				141048202159F61D00447A42 /* Resources */,
			);
			buildRules = (
			);
			dependencies = (
				141048242159F61D00447A42 /* PBXTargetDependency */,
			);
			name = CookWithUsTests;
			productName = CookWithUsTests;
			productReference = 141048222159F61D00447A42 /* CookWithUsTests.xctest */;
			productType = "com.apple.product-type.bundle.unit-test";
		};
/* End PBXNativeTarget section */

/* Begin PBXProject section */
		141048062159F61A00447A42 /* Project object */ = {
			isa = PBXProject;
			attributes = {
				LastSwiftUpdateCheck = 0930;
				LastUpgradeCheck = 0930;
				ORGANIZATIONNAME = Meera;
				TargetAttributes = {
					1410480D2159F61A00447A42 = {
						CreatedOnToolsVersion = 9.3;
					};
					141048212159F61D00447A42 = {
						CreatedOnToolsVersion = 9.3;
						TestTargetID = 1410480D2159F61A00447A42;
					};
				};
			};
			buildConfigurationList = 141048092159F61A00447A42 /* Build configuration list for PBXProject "CookWithUs" */;
			compatibilityVersion = "Xcode 9.3";
			developmentRegion = en;
			hasScannedForEncodings = 0;
			knownRegions = (
				en,
				Base,
			);
			mainGroup = 141048052159F61A00447A42;
			productRefGroup = 1410480F2159F61A00447A42 /* Products */;
			projectDirPath = "";
			projectRoot = "";
			targets = (
				1410480D2159F61A00447A42 /* CookWithUs */,
				141048212159F61D00447A42 /* CookWithUsTests */,
			);
		};
/* End PBXProject section */

/* Begin PBXResourcesBuildPhase section */
		1410480C2159F61A00447A42 /* Resources */ = {
			isa = PBXResourcesBuildPhase;
			buildActionMask = 2147483647;
			files = (
				1410481C2159F61D00447A42 /* LaunchScreen.storyboard in Resources */,
				141048192159F61D00447A42 /* Assets.xcassets in Resources */,
				141048172159F61A00447A42 /* Main.storyboard in Resources */,
			);
			runOnlyForDeploymentPostprocessing = 0;
		};
		141048202159F61D00447A42 /* Resources */ = {
			isa = PBXResourcesBuildPhase;
			buildActionMask = 2147483647;
			files = (
			);
			runOnlyForDeploymentPostprocessing = 0;
		};
/* End PBXResourcesBuildPhase section */

/* Begin PBXSourcesBuildPhase section */
		1410480A2159F61A00447A42 /* Sources */ = {
			isa = PBXSourcesBuildPhase;
			buildActionMask = 2147483647;
			files = (
				141048142159F61A00447A42 /* ViewController.swift in Sources */,
				141048122159F61A00447A42 /* AppDelegate.swift in Sources */,
			);
			runOnlyForDeploymentPostprocessing = 0;
		};
		1410481E2159F61D00447A42 /* Sources */ = {
			isa = PBXSourcesBuildPhase;
			buildActionMask = 2147483647;
			files = (
				141048272159F61D00447A42 /* CookWithUsTests.swift in Sources */,
			);
			runOnlyForDeploymentPostprocessing = 0;
		};
/* End PBXSourcesBuildPhase section */

/* Begin PBXTargetDependency section */
		141048242159F61D00447A42 /* PBXTargetDependency */ = {
			isa = PBXTargetDependency;
			target = 1410480D2159F61A00447A42 /* CookWithUs */;
			targetProxy = 141048232159F61D00447A42 /* PBXContainerItemProxy */;
		};
/* End PBXTargetDependency section */

/* Begin PBXVariantGroup section */
		141048152159F61A00447A42 /* Main.storyboard */ = {
			isa = PBXVariantGroup;
			children = (
				141048162159F61A00447A42 /* Base */,
			);
			name = Main.storyboard;
			sourceTree = "<group>";
		};
		1410481A2159F61D00447A42 /* LaunchScreen.storyboard */ = {
			isa = PBXVariantGroup;
			children = (
				1410481B2159F61D00447A42 /* Base */,
			);
			name = LaunchScreen.storyboard;
			sourceTree = "<group>";
		};
/* End PBXVariantGroup section */

/* Begin XCBuildConfiguration section */
		141048292159F61D00447A42 /* Debug */ = {
			isa = XCBuildConfiguration;
			buildSettings = {
				ALWAYS_SEARCH_USER_PATHS = NO;
				CLANG_ANALYZER_NONNULL = YES;
				CLANG_ANALYZER_NUMBER_OBJECT_CONVERSION = YES_AGGRESSIVE;
				CLANG_CXX_LANGUAGE_STANDARD = "gnu++14";
				CLANG_CXX_LIBRARY = "libc++";
				CLANG_ENABLE_MODULES = YES;
				CLANG_ENABLE_OBJC_ARC = YES;
				CLANG_ENABLE_OBJC_WEAK = YES;
				CLANG_WARN_BLOCK_CAPTURE_AUTORELEASING = YES;
				CLANG_WARN_BOOL_CONVERSION = YES;
				CLANG_WARN_COMMA = YES;
				CLANG_WARN_CONSTANT_CONVERSION = YES;
				CLANG_WARN_DEPRECATED_OBJC_IMPLEMENTATIONS = YES;
				CLANG_WARN_DIRECT_OBJC_ISA_USAGE = YES_ERROR;
				CLANG_WARN_DOCUMENTATION_COMMENTS = YES;
				CLANG_WARN_EMPTY_BODY = YES;
				CLANG_WARN_ENUM_CONVERSION = YES;
				CLANG_WARN_INFINITE_RECURSION = YES;
				CLANG_WARN_INT_CONVERSION = YES;
				CLANG_WARN_NON_LITERAL_NULL_CONVERSION = YES;
				CLANG_WARN_OBJC_IMPLICIT_RETAIN_SELF = YES;
				CLANG_WARN_OBJC_LITERAL_CONVERSION = YES;
				CLANG_WARN_OBJC_ROOT_CLASS = YES_ERROR;
				CLANG_WARN_RANGE_LOOP_ANALYSIS = YES;
				CLANG_WARN_STRICT_PROTOTYPES = YES;
				CLANG_WARN_SUSPICIOUS_MOVE = YES;
				CLANG_WARN_UNGUARDED_AVAILABILITY = YES_AGGRESSIVE;
				CLANG_WARN_UNREACHABLE_CODE = YES;
				CLANG_WARN__DUPLICATE_METHOD_MATCH = YES;
				CODE_SIGN_IDENTITY = "iPhone Developer";
				COPY_PHASE_STRIP = NO;
				DEBUG_INFORMATION_FORMAT = dwarf;
				ENABLE_STRICT_OBJC_MSGSEND = YES;
				ENABLE_TESTABILITY = YES;
				GCC_C_LANGUAGE_STANDARD = gnu11;
				GCC_DYNAMIC_NO_PIC = NO;
				GCC_NO_COMMON_BLOCKS = YES;
				GCC_OPTIMIZATION_LEVEL = 0;
				GCC_PREPROCESSOR_DEFINITIONS = (
					"DEBUG=1",
					"$(inherited)",
				);
				GCC_WARN_64_TO_32_BIT_CONVERSION = YES;
				GCC_WARN_ABOUT_RETURN_TYPE = YES_ERROR;
				GCC_WARN_UNDECLARED_SELECTOR = YES;
				GCC_WARN_UNINITIALIZED_AUTOS = YES_AGGRESSIVE;
				GCC_WARN_UNUSED_FUNCTION = YES;
				GCC_WARN_UNUSED_VARIABLE = YES;
				IPHONEOS_DEPLOYMENT_TARGET = 11.3;
				MTL_ENABLE_DEBUG_INFO = YES;
				ONLY_ACTIVE_ARCH = YES;
				SDKROOT = iphoneos;
				SWIFT_ACTIVE_COMPILATION_CONDITIONS = DEBUG;
				SWIFT_OPTIMIZATION_LEVEL = "-Onone";
			};
			name = Debug;
		};
		1410482A2159F61D00447A42 /* Release */ = {
			isa = XCBuildConfiguration;
			buildSettings = {
				ALWAYS_SEARCH_USER_PATHS = NO;
				CLANG_ANALYZER_NONNULL = YES;
				CLANG_ANALYZER_NUMBER_OBJECT_CONVERSION = YES_AGGRESSIVE;
				CLANG_CXX_LANGUAGE_STANDARD = "gnu++14";
				CLANG_CXX_LIBRARY = "libc++";
				CLANG_ENABLE_MODULES = YES;
				CLANG_ENABLE_OBJC_ARC = YES;
				CLANG_ENABLE_OBJC_WEAK = YES;
				CLANG_WARN_BLOCK_CAPTURE_AUTORELEASING = YES;
				CLANG_WARN_BOOL_CONVERSION = YES;
				CLANG_WARN_COMMA = YES;
				CLANG_WARN_CONSTANT_CONVERSION = YES;
				CLANG_WARN_DEPRECATED_OBJC_IMPLEMENTATIONS = YES;
				CLANG_WARN_DIRECT_OBJC_ISA_USAGE = YES_ERROR;
				CLANG_WARN_DOCUMENTATION_COMMENTS = YES;
				CLANG_WARN_EMPTY_BODY = YES;
				CLANG_WARN_ENUM_CONVERSION = YES;
				CLANG_WARN_INFINITE_RECURSION = YES;
				CLANG_WARN_INT_CONVERSION = YES;
				CLANG_WARN_NON_LITERAL_NULL_CONVERSION = YES;
				CLANG_WARN_OBJC_IMPLICIT_RETAIN_SELF = YES;
				CLANG_WARN_OBJC_LITERAL_CONVERSION = YES;
				CLANG_WARN_OBJC_ROOT_CLASS = YES_ERROR;
				CLANG_WARN_RANGE_LOOP_ANALYSIS = YES;
				CLANG_WARN_STRICT_PROTOTYPES = YES;
				CLANG_WARN_SUSPICIOUS_MOVE = YES;
				CLANG_WARN_UNGUARDED_AVAILABILITY = YES_AGGRESSIVE;
				CLANG_WARN_UNREACHABLE_CODE = YES;
				CLANG_WARN__DUPLICATE_METHOD_MATCH = YES;
				CODE_SIGN_IDENTITY = "iPhone Developer";
				COPY_PHASE_STRIP = NO;
				DEBUG_INFORMATION_FORMAT = "dwarf-with-dsym";
				ENABLE_NS_ASSERTIONS = NO;
				ENABLE_STRICT_OBJC_MSGSEND = YES;
				GCC_C_LANGUAGE_STANDARD = gnu11;
				GCC_NO_COMMON_BLOCKS = YES;
				GCC_WARN_64_TO_32_BIT_CONVERSION = YES;
				GCC_WARN_ABOUT_RETURN_TYPE = YES_ERROR;
				GCC_WARN_UNDECLARED_SELECTOR = YES;
				GCC_WARN_UNINITIALIZED_AUTOS = YES_AGGRESSIVE;
				GCC_WARN_UNUSED_FUNCTION = YES;
				GCC_WARN_UNUSED_VARIABLE = YES;
				IPHONEOS_DEPLOYMENT_TARGET = 11.3;
				MTL_ENABLE_DEBUG_INFO = NO;
				SDKROOT = iphoneos;
				SWIFT_COMPILATION_MODE = wholemodule;
				SWIFT_OPTIMIZATION_LEVEL = "-O";
				VALIDATE_PRODUCT = YES;
			};
			name = Release;
		};
		1410482C2159F61D00447A42 /* Debug */ = {
			isa = XCBuildConfiguration;
			buildSettings = {
				ASSETCATALOG_COMPILER_APPICON_NAME = AppIcon;
				CODE_SIGN_STYLE = Automatic;
				DEVELOPMENT_TEAM = NSF6J4VEE2;
				INFOPLIST_FILE = CookWithUs/Info.plist;
				LD_RUNPATH_SEARCH_PATHS = (
					"$(inherited)",
					"@executable_path/Frameworks",
				);
				PRODUCT_BUNDLE_IDENTIFIER = com.meera.CookWithUs;
				PRODUCT_NAME = "$(TARGET_NAME)";
				SWIFT_VERSION = 4.0;
				TARGETED_DEVICE_FAMILY = "1,2";
			};
			name = Debug;
		};
		1410482D2159F61D00447A42 /* Release */ = {
			isa = XCBuildConfiguration;
			buildSettings = {
				ASSETCATALOG_COMPILER_APPICON_NAME = AppIcon;
				CODE_SIGN_STYLE = Automatic;
				DEVELOPMENT_TEAM = NSF6J4VEE2;
				INFOPLIST_FILE = CookWithUs/Info.plist;
				LD_RUNPATH_SEARCH_PATHS = (
					"$(inherited)",
					"@executable_path/Frameworks",
				);
				PRODUCT_BUNDLE_IDENTIFIER = com.meera.CookWithUs;
				PRODUCT_NAME = "$(TARGET_NAME)";
				SWIFT_VERSION = 4.0;
				TARGETED_DEVICE_FAMILY = "1,2";
			};
			name = Release;
		};
		1410482F2159F61D00447A42 /* Debug */ = {
			isa = XCBuildConfiguration;
			buildSettings = {
				ALWAYS_EMBED_SWIFT_STANDARD_LIBRARIES = YES;
				BUNDLE_LOADER = "$(TEST_HOST)";
				CODE_SIGN_STYLE = Automatic;
				DEVELOPMENT_TEAM = NSF6J4VEE2;
				INFOPLIST_FILE = CookWithUsTests/Info.plist;
				LD_RUNPATH_SEARCH_PATHS = (
					"$(inherited)",
					"@executable_path/Frameworks",
					"@loader_path/Frameworks",
				);
				PRODUCT_BUNDLE_IDENTIFIER = com.meera.CookWithUsTests;
				PRODUCT_NAME = "$(TARGET_NAME)";
				SWIFT_VERSION = 4.0;
				TARGETED_DEVICE_FAMILY = "1,2";
				TEST_HOST = "$(BUILT_PRODUCTS_DIR)/CookWithUs.app/CookWithUs";
			};
			name = Debug;
		};
		141048302159F61D00447A42 /* Release */ = {
			isa = XCBuildConfiguration;
			buildSettings = {
				ALWAYS_EMBED_SWIFT_STANDARD_LIBRARIES = YES;
				BUNDLE_LOADER = "$(TEST_HOST)";
				CODE_SIGN_STYLE = Automatic;
				DEVELOPMENT_TEAM = NSF6J4VEE2;
				INFOPLIST_FILE = CookWithUsTests/Info.plist;
				LD_RUNPATH_SEARCH_PATHS = (
					"$(inherited)",
					"@executable_path/Frameworks",
					"@loader_path/Frameworks",
				);
				PRODUCT_BUNDLE_IDENTIFIER = com.meera.CookWithUsTests;
				PRODUCT_NAME = "$(TARGET_NAME)";
				SWIFT_VERSION = 4.0;
				TARGETED_DEVICE_FAMILY = "1,2";
				TEST_HOST = "$(BUILT_PRODUCTS_DIR)/CookWithUs.app/CookWithUs";
			};
			name = Release;
		};
/* End XCBuildConfiguration section */

/* Begin XCConfigurationList section */
		141048092159F61A00447A42 /* Build configuration list for PBXProject "CookWithUs" */ = {
			isa = XCConfigurationList;
			buildConfigurations = (
				141048292159F61D00447A42 /* Debug */,
				1410482A2159F61D00447A42 /* Release */,
			);
			defaultConfigurationIsVisible = 0;
			defaultConfigurationName = Release;
		};
		1410482B2159F61D00447A42 /* Build configuration list for PBXNativeTarget "CookWithUs" */ = {
			isa = XCConfigurationList;
			buildConfigurations = (
				1410482C2159F61D00447A42 /* Debug */,
				1410482D2159F61D00447A42 /* Release */,
			);
			defaultConfigurationIsVisible = 0;
			defaultConfigurationName = Release;
		};
		1410482E2159F61D00447A42 /* Build configuration list for PBXNativeTarget "CookWithUsTests" */ = {
			isa = XCConfigurationList;
			buildConfigurations = (
				1410482F2159F61D00447A42 /* Debug */,
				141048302159F61D00447A42 /* Release */,
			);
			defaultConfigurationIsVisible = 0;
			defaultConfigurationName = Release;
		};
/* End XCConfigurationList section */
	};
	rootObject = 141048062159F61A00447A42 /* Project object */;
}
